# This file is automatically @generated by Cargo.
# It is not intended for manual editing.
version = 3

[[package]]
name = "autocfg"
version = "1.1.0"
source = "registry+https://github.com/rust-lang/crates.io-index"
checksum = "d468802bab17cbc0cc575e9b053f41e72aa36bfa6b7f55e3529ffa43161b97fa"

[[package]]
name = "bstr"
version = "0.2.17"
source = "registry+https://github.com/rust-lang/crates.io-index"
checksum = "ba3569f383e8f1598449f1a423e72e99569137b47740b1da11ef19af3d5c3223"
dependencies = [
 "memchr",
]

[[package]]
name = "cc"
version = "1.0.79"
source = "registry+https://github.com/rust-lang/crates.io-index"
checksum = "50d30906286121d95be3d479533b458f87493b30a4b5f79a607db8f5d11aa91f"

[[package]]
name = "darling"
version = "0.14.4"
source = "registry+https://github.com/rust-lang/crates.io-index"
checksum = "7b750cb3417fd1b327431a470f388520309479ab0bf5e323505daf0290cd3850"
dependencies = [
 "darling_core",
 "darling_macro",
]

[[package]]
name = "darling_core"
version = "0.14.4"
source = "registry+https://github.com/rust-lang/crates.io-index"
checksum = "109c1ca6e6b7f82cc233a97004ea8ed7ca123a9af07a8230878fcfda9b158bf0"
dependencies = [
 "fnv",
 "ident_case",
 "proc-macro2",
 "quote",
 "strsim",
 "syn",
]

[[package]]
name = "darling_macro"
version = "0.14.4"
source = "registry+https://github.com/rust-lang/crates.io-index"
checksum = "a4aab4dbc9f7611d8b55048a3a16d2d010c2c8334e46304b40ac1cc14bf3b48e"
dependencies = [
 "darling_core",
 "quote",
 "syn",
]

[[package]]
name = "derive_builder"
version = "0.11.2"
source = "registry+https://github.com/rust-lang/crates.io-index"
checksum = "d07adf7be193b71cc36b193d0f5fe60b918a3a9db4dad0449f57bcfd519704a3"
dependencies = [
 "derive_builder_macro",
]

[[package]]
name = "derive_builder_core"
version = "0.11.2"
source = "registry+https://github.com/rust-lang/crates.io-index"
checksum = "1f91d4cfa921f1c05904dc3c57b4a32c38aed3340cce209f3a6fd1478babafc4"
dependencies = [
 "darling",
 "proc-macro2",
 "quote",
 "syn",
]

[[package]]
name = "derive_builder_macro"
version = "0.11.2"
source = "registry+https://github.com/rust-lang/crates.io-index"
checksum = "8f0314b72bed045f3a68671b3c86328386762c93f82d98c65c3cb5e5f573dd68"
dependencies = [
 "derive_builder_core",
 "syn",
]

[[package]]
name = "fnv"
version = "1.0.7"
source = "registry+https://github.com/rust-lang/crates.io-index"
checksum = "3f9eec918d3f24069decb9af1554cad7c880e2da24a9afd88aca000531ab82c1"

[[package]]
name = "highlighter"
version = "0.1.0"
dependencies = [
 "lazy_static",
 "mlua",
 "nvim-oxi",
]

[[package]]
name = "ident_case"
version = "1.0.1"
source = "registry+https://github.com/rust-lang/crates.io-index"
checksum = "b9e0384b61958566e926dc50660321d12159025e767c18e043daf26b70104c39"

[[package]]
name = "lazy_static"
version = "1.4.0"
source = "registry+https://github.com/rust-lang/crates.io-index"
checksum = "e2abad23fbc42b3700f2f279844dc832adb2b2eb069b2df918f455c4e18cc646"

[[package]]
name = "luajit-bindings"
version = "0.2.0"
source = "registry+https://github.com/rust-lang/crates.io-index"
checksum = "c74005abc71db092ff645cdf3afdc5447fcccab3193e72a10e5dce2da84c3d21"
dependencies = [
 "once_cell",
 "thiserror",
]

[[package]]
name = "memchr"
version = "2.5.0"
source = "registry+https://github.com/rust-lang/crates.io-index"
checksum = "2dffe52ecf27772e601905b7522cb4ef790d2cc203488bbd0e2fe85fcb74566d"

[[package]]
name = "mlua"
version = "0.8.8"
source = "registry+https://github.com/rust-lang/crates.io-index"
checksum = "ea8ce6788556a67d90567809c7de94dfef2ff1f47ff897aeee935bcfbcdf5735"
dependencies = [
 "bstr",
 "cc",
 "num-traits",
 "once_cell",
 "pkg-config",
 "rustc-hash",
]

[[package]]
name = "num-traits"
version = "0.2.15"
source = "registry+https://github.com/rust-lang/crates.io-index"
checksum = "578ede34cf02f8924ab9447f50c28075b4d3e5b269972345e7e0372b38c6cdcd"
dependencies = [
 "autocfg",
]

[[package]]
name = "nvim-api"
version = "0.2.0"
source = "registry+https://github.com/rust-lang/crates.io-index"
checksum = "9c3f5770d973f41bb65a816163326131db29d861c96e895daba553e987bacd8f"
dependencies = [
 "derive_builder",
 "luajit-bindings",
 "nvim-types",
 "serde",
 "serde_repr",
 "thiserror",
]

[[package]]
name = "nvim-oxi"
version = "0.2.2"
source = "registry+https://github.com/rust-lang/crates.io-index"
checksum = "918fc1278ae39552d109137b268eaf8c06ce6aba1aac51000487b6982a4bacb1"
dependencies = [
 "luajit-bindings",
 "mlua",
 "nvim-api",
 "nvim-types",
 "oxi-module",
 "oxi-test",
 "thiserror",
]

[[package]]
name = "nvim-types"
version = "0.2.0"
source = "registry+https://github.com/rust-lang/crates.io-index"
checksum = "32097b418c307b75730d49f8e446dc54dac28d05eafc300b835128baf7fc1042"
dependencies = [
 "luajit-bindings",
 "serde",
 "thiserror",
]

[[package]]
name = "once_cell"
version = "1.17.1"
source = "registry+https://github.com/rust-lang/crates.io-index"
checksum = "b7e5500299e16ebb147ae15a00a942af264cf3688f47923b8fc2cd5858f23ad3"

[[package]]
name = "oxi-module"
version = "0.2.0"
source = "registry+https://github.com/rust-lang/crates.io-index"
checksum = "6b9dc207b6986f418207799dbc61b12990f1dfa6bbbbee3d83cd0119d55f6033"
dependencies = [
 "proc-macro2",
 "quote",
 "syn",
]

[[package]]
name = "oxi-test"
version = "0.2.0"
source = "registry+https://github.com/rust-lang/crates.io-index"
checksum = "d0b75139848fb7a78f77f44752ec7ee30247e9e9a6619e9864ab03f3bde92f59"
dependencies = [
 "proc-macro2",
 "quote",
 "syn",
]

[[package]]
name = "pkg-config"
version = "0.3.26"
source = "registry+https://github.com/rust-lang/crates.io-index"
checksum = "6ac9a59f73473f1b8d852421e59e64809f025994837ef743615c6d0c5b305160"

[[package]]
name = "proc-macro2"
version = "1.0.51"
source = "registry+https://github.com/rust-lang/crates.io-index"
checksum = "5d727cae5b39d21da60fa540906919ad737832fe0b1c165da3a34d6548c849d6"
dependencies = [
 "unicode-ident",
]

[[package]]
name = "quote"
version = "1.0.23"
source = "registry+https://github.com/rust-lang/crates.io-index"
checksum = "8856d8364d252a14d474036ea1358d63c9e6965c8e5c1885c18f73d70bff9c7b"
dependencies = [
 "proc-macro2",
]

[[package]]
name = "rustc-hash"
version = "1.1.0"
source = "registry+https://github.com/rust-lang/crates.io-index"
checksum = "08d43f7aa6b08d49f382cde6a7982047c3426db949b1424bc4b7ec9ae12c6ce2"

[[package]]
name = "serde"
version = "1.0.155"
source = "registry+https://github.com/rust-lang/crates.io-index"
checksum = "71f2b4817415c6d4210bfe1c7bfcf4801b2d904cb4d0e1a8fdb651013c9e86b8"
dependencies = [
 "serde_derive",
]

[[package]]
name = "serde_derive"
version = "1.0.155"
source = "registry+https://github.com/rust-lang/crates.io-index"
checksum = "d071a94a3fac4aff69d023a7f411e33f40f3483f8c5190b1953822b6b76d7630"
dependencies = [
 "proc-macro2",
 "quote",
 "syn",
]

[[package]]
name = "serde_repr"
version = "0.1.11"
source = "registry+https://github.com/rust-lang/crates.io-index"
checksum = "395627de918015623b32e7669714206363a7fc00382bf477e72c1f7533e8eafc"
dependencies = [
 "proc-macro2",
 "quote",
 "syn",
]

[[package]]
name = "strsim"
version = "0.10.0"
source = "registry+https://github.com/rust-lang/crates.io-index"
checksum = "73473c0e59e6d5812c5dfe2a064a6444949f089e20eec9a2e5506596494e4623"

[[package]]
name = "syn"
version = "1.0.109"
source = "registry+https://github.com/rust-lang/crates.io-index"
checksum = "72b64191b275b66ffe2469e8af2c1cfe3bafa67b529ead792a6d0160888b4237"
dependencies = [
 "proc-macro2",
 "quote",
 "unicode-ident",
]

[[package]]
name = "thiserror"
version = "1.0.39"
source = "registry+https://github.com/rust-lang/crates.io-index"
checksum = "a5ab016db510546d856297882807df8da66a16fb8c4101cb8b30054b0d5b2d9c"
dependencies = [
 "thiserror-impl",
]

[[package]]
name = "thiserror-impl"
version = "1.0.39"
source = "registry+https://github.com/rust-lang/crates.io-index"
checksum = "5420d42e90af0c38c3290abcca25b9b3bdf379fc9f55c528f53a269d9c9a267e"
dependencies = [
 "proc-macro2",
 "quote",
 "syn",
]

[[package]]
name = "unicode-ident"
version = "1.0.8"
source = "registry+https://github.com/rust-lang/crates.io-index"
checksum = "e5464a87b239f13a63a501f2701565754bae92d243d4bb7eb12f6d57d2269bf4"
